
Microsoft Visual Studio Solution File, Format Version 12.00
# Visual Studio Version 17
VisualStudioVersion = 17.0.31919.166
MinimumVisualStudioVersion = 10.0.40219.1
Project("{FAE04EC0-301F-11D3-BF4B-00C04F79EFBC}") = "FileUpload", "FileUpload\FileUpload.csproj", "{8E18677D-FD5C-41F0-BA35-E9862F0B24B7}"
EndProject
Global
	GlobalSection(SolutionConfigurationPlatforms) = preSolution
		Debug|Any CPU = Debug|Any CPU
		Release|Any CPU = Release|Any CPU
	EndGlobalSection
	GlobalSection(ProjectConfigurationPlatforms) = postSolution
		{8E18677D-FD5C-41F0-BA35-E9862F0B24B7}.Debug|Any CPU.ActiveCfg = Debug|Any CPU
		{8E18677D-FD5C-41F0-BA35-E9862F0B24B7}.Debug|Any CPU.Build.0 = Debug|Any CPU
		{8E18677D-FD5C-41F0-BA35-E9862F0B24B7}.Release|Any CPU.ActiveCfg = Release|Any CPU
		{8E18677D-FD5C-41F0-BA35-E9862F0B24B7}.Release|Any CPU.Build.0 = Release|Any CPU
	EndGlobalSection
	GlobalSection(SolutionProperties) = preSolution
		HideSolutionNode = FALSE
	EndGlobalSection
	GlobalSection(ExtensibilityGlobals) = postSolution
		SolutionGuid = {128DA85A-15BA-4E54-BAB7-7BC1CE5BD8E6}
	EndGlobalSection
EndGlobal
